// !$*UTF8*$!
{
	archiveVersion = 1;
	classes = {
	};
	objectVersion = 46;
	objects = {

/* Begin PBXBuildFile section */
		D633E2C51E27154800E06272 /* main.m in Sources */ = {isa = PBXBuildFile; fileRef = D633E2C41E27154800E06272 /* main.m */; };
		D633E2C81E27154800E06272 /* AppDelegate.m in Sources */ = {isa = PBXBuildFile; fileRef = D633E2C71E27154800E06272 /* AppDelegate.m */; };
		D633E2CB1E27154800E06272 /* ViewController.m in Sources */ = {isa = PBXBuildFile; fileRef = D633E2CA1E27154800E06272 /* ViewController.m */; };
		D633E2CE1E27154800E06272 /* Main.storyboard in Resources */ = {isa = PBXBuildFile; fileRef = D633E2CC1E27154800E06272 /* Main.storyboard */; };
		D633E2D01E27154800E06272 /* Assets.xcassets in Resources */ = {isa = PBXBuildFile; fileRef = D633E2CF1E27154800E06272 /* Assets.xcassets */; };
		D633E2D31E27154800E06272 /* LaunchScreen.storyboard in Resources */ = {isa = PBXBuildFile; fileRef = D633E2D11E27154800E06272 /* LaunchScreen.storyboard */; };
		D633E2DC1E27155C00E06272 /* ASViewController.m in Sources */ = {isa = PBXBuildFile; fileRef = D633E2DB1E27155C00E06272 /* ASViewController.m */; };
		D633E2DF1E27156E00E06272 /* BSViewController.swift in Sources */ = {isa = PBXBuildFile; fileRef = D633E2DE1E27156E00E06272 /* BSViewController.swift */; };
/* End PBXBuildFile section */

/* Begin PBXFileReference section */
		D633E2C01E27154800E06272 /* SUV.app */ = {isa = PBXFileReference; explicitFileType = wrapper.application; includeInIndex = 0; path = SUV.app; sourceTree = BUILT_PRODUCTS_DIR; };
		D633E2C41E27154800E06272 /* main.m */ = {isa = PBXFileReference; lastKnownFileType = sourcecode.c.objc; path = main.m; sourceTree = "<group>"; };
		D633E2C61E27154800E06272 /* AppDelegate.h */ = {isa = PBXFileReference; lastKnownFileType = sourcecode.c.h; path = AppDelegate.h; sourceTree = "<group>"; };
		D633E2C71E27154800E06272 /* AppDelegate.m */ = {isa = PBXFileReference; lastKnownFileType = sourcecode.c.objc; path = AppDelegate.m; sourceTree = "<group>"; };
		D633E2C91E27154800E06272 /* ViewController.h */ = {isa = PBXFileReference; lastKnownFileType = sourcecode.c.h; path = ViewController.h; sourceTree = "<group>"; };
		D633E2CA1E27154800E06272 /* ViewController.m */ = {isa = PBXFileReference; lastKnownFileType = sourcecode.c.objc; path = ViewController.m; sourceTree = "<group>"; };
		D633E2CD1E27154800E06272 /* Base */ = {isa = PBXFileReference; lastKnownFileType = file.storyboard; name = Base; path = Base.lproj/Main.storyboard; sourceTree = "<group>"; };
		D633E2CF1E27154800E06272 /* Assets.xcassets */ = {isa = PBXFileReference; lastKnownFileType = folder.assetcatalog; path = Assets.xcassets; sourceTree = "<group>"; };
		D633E2D21E27154800E06272 /* Base */ = {isa = PBXFileReference; lastKnownFileType = file.storyboard; name = Base; path = Base.lproj/LaunchScreen.storyboard; sourceTree = "<group>"; };
		D633E2D41E27154800E06272 /* Info.plist */ = {isa = PBXFileReference; lastKnownFileType = text.plist.xml; path = Info.plist; sourceTree = "<group>"; };
		D633E2DA1E27155C00E06272 /* ASViewController.h */ = {isa = PBXFileReference; fileEncoding = 4; lastKnownFileType = sourcecode.c.h; path = ASViewController.h; sourceTree = "<group>"; };
		D633E2DB1E27155C00E06272 /* ASViewController.m */ = {isa = PBXFileReference; fileEncoding = 4; lastKnownFileType = sourcecode.c.objc; path = ASViewController.m; sourceTree = "<group>"; };
		D633E2DD1E27156E00E06272 /* SUV-Bridging-Header.h */ = {isa = PBXFileReference; lastKnownFileType = sourcecode.c.h; path = "SUV-Bridging-Header.h"; sourceTree = "<group>"; };
		D633E2DE1E27156E00E06272 /* BSViewController.swift */ = {isa = PBXFileReference; fileEncoding = 4; lastKnownFileType = sourcecode.swift; path = BSViewController.swift; sourceTree = "<group>"; };
/* End PBXFileReference section */

/* Begin PBXFrameworksBuildPhase section */
		D633E2BD1E27154800E06272 /* Frameworks */ = {
			isa = PBXFrameworksBuildPhase;
			buildActionMask = 2147483647;
			files = (
			);
			runOnlyForDeploymentPostprocessing = 0;
		};
/* End PBXFrameworksBuildPhase section */

/* Begin PBXGroup section */
		D633E2B71E27154800E06272 = {
			isa = PBXGroup;
			children = (
				D633E2C21E27154800E06272 /* SUV */,
				D633E2C11E27154800E06272 /* Products */,
			);
			sourceTree = "<group>";
		};
		D633E2C11E27154800E06272 /* Products */ = {
			isa = PBXGroup;
			children = (
				D633E2C01E27154800E06272 /* SUV.app */,
			);
			name = Products;
			sourceTree = "<group>";
		};
		D633E2C21E27154800E06272 /* SUV */ = {
			isa = PBXGroup;
			children = (
				D633E2C61E27154800E06272 /* AppDelegate.h */,
				D633E2C71E27154800E06272 /* AppDelegate.m */,
				D633E2DA1E27155C00E06272 /* ASViewController.h */,
				D633E2DB1E27155C00E06272 /* ASViewController.m */,
				D633E2DE1E27156E00E06272 /* BSViewController.swift */,
				D633E2C91E27154800E06272 /* ViewController.h */,
				D633E2CA1E27154800E06272 /* ViewController.m */,
				D633E2CC1E27154800E06272 /* Main.storyboard */,
				D633E2CF1E27154800E06272 /* Assets.xcassets */,
				D633E2D11E27154800E06272 /* LaunchScreen.storyboard */,
				D633E2D41E27154800E06272 /* Info.plist */,
				D633E2C31E27154800E06272 /* Supporting Files */,
				D633E2DD1E27156E00E06272 /* SUV-Bridging-Header.h */,
			);
			path = SUV;
			sourceTree = "<group>";
		};
		D633E2C31E27154800E06272 /* Supporting Files */ = {
			isa = PBXGroup;
			children = (
				D633E2C41E27154800E06272 /* main.m */,
			);
			name = "Supporting Files";
			sourceTree = "<group>";
		};
/* End PBXGroup section */

/* Begin PBXNativeTarget section */
		D633E2BF1E27154800E06272 /* SUV */ = {
			isa = PBXNativeTarget;
			buildConfigurationList = D633E2D71E27154800E06272 /* Build configuration list for PBXNativeTarget "SUV" */;
			buildPhases = (
				D633E2BC1E27154800E06272 /* Sources */,
				D633E2BD1E27154800E06272 /* Frameworks */,
				D633E2BE1E27154800E06272 /* Resources */,
			);
			buildRules = (
			);
			dependencies = (
			);
			name = SUV;
			productName = SUV;
			productReference = D633E2C01E27154800E06272 /* SUV.app */;
			productType = "com.apple.product-type.application";
		};
/* End PBXNativeTarget section */

/* Begin PBXProject section */
		D633E2B81E27154800E06272 /* Project object */ = {
			isa = PBXProject;
			attributes = {
				LastUpgradeCheck = 0820;
				ORGANIZATIONNAME = sqluo;
				TargetAttributes = {
					D633E2BF1E27154800E06272 = {
						CreatedOnToolsVersion = 8.2.1;
						DevelopmentTeam = NP7D9SC777;
						LastSwiftMigration = 0820;
						ProvisioningStyle = Automatic;
					};
				};
			};
			buildConfigurationList = D633E2BB1E27154800E06272 /* Build configuration list for PBXProject "SUV" */;
			compatibilityVersion = "Xcode 3.2";
			developmentRegion = English;
			hasScannedForEncodings = 0;
			knownRegions = (
				en,
				Base,
			);
			mainGroup = D633E2B71E27154800E06272;
			productRefGroup = D633E2C11E27154800E06272 /* Products */;
			projectDirPath = "";
			projectRoot = "";
			targets = (
				D633E2BF1E27154800E06272 /* SUV */,
			);
		};
/* End PBXProject section */

/* Begin PBXResourcesBuildPhase section */
		D633E2BE1E27154800E06272 /* Resources */ = {
			isa = PBXResourcesBuildPhase;
			buildActionMask = 2147483647;
			files = (
				D633E2D31E27154800E06272 /* LaunchScreen.storyboard in Resources */,
				D633E2D01E27154800E06272 /* Assets.xcassets in Resources */,
				D633E2CE1E27154800E06272 /* Main.storyboard in Resources */,
			);
			runOnlyForDeploymentPostprocessing = 0;
		};
/* End PBXResourcesBuildPhase section */

/* Begin PBXSourcesBuildPhase section */
		D633E2BC1E27154800E06272 /* Sources */ = {
			isa = PBXSourcesBuildPhase;
			buildActionMask = 2147483647;
			files = (
				D633E2DF1E27156E00E06272 /* BSViewController.swift in Sources */,
				D633E2DC1E27155C00E06272 /* ASViewController.m in Sources */,
				D633E2CB1E27154800E06272 /* ViewController.m in Sources */,
				D633E2C81E27154800E06272 /* AppDelegate.m in Sources */,
				D633E2C51E27154800E06272 /* main.m in Sources */,
			);
			runOnlyForDeploymentPostprocessing = 0;
		};
/* End PBXSourcesBuildPhase section */

/* Begin PBXVariantGroup section */
		D633E2CC1E27154800E06272 /* Main.storyboard */ = {
			isa = PBXVariantGroup;
			children = (
				D633E2CD1E27154800E06272 /* Base */,
			);
			name = Main.storyboard;
			sourceTree = "<group>";
		};
		D633E2D11E27154800E06272 /* LaunchScreen.storyboard */ = {
			isa = PBXVariantGroup;
			children = (
				D633E2D21E27154800E06272 /* Base */,
			);
			name = LaunchScreen.storyboard;
			sourceTree = "<group>";
		};
/* End PBXVariantGroup section */

/* Begin XCBuildConfiguration section */
		D633E2D51E27154800E06272 /* Debug */ = {
			isa = XCBuildConfiguration;
			buildSettings = {
				ALWAYS_SEARCH_USER_PATHS = NO;
				CLANG_ANALYZER_NONNULL = YES;
				CLANG_CXX_LANGUAGE_STANDARD = "gnu++0x";
				CLANG_CXX_LIBRARY = "libc++";
				CLANG_ENABLE_MODULES = YES;
				CLANG_ENABLE_OBJC_ARC = YES;
				CLANG_WARN_BOOL_CONVERSION = YES;
				CLANG_WARN_CONSTANT_CONVERSION = YES;
				CLANG_WARN_DIRECT_OBJC_ISA_USAGE = YES_ERROR;
				CLANG_WARN_DOCUMENTATION_COMMENTS = YES;
				CLANG_WARN_EMPTY_BODY = YES;
				CLANG_WARN_ENUM_CONVERSION = YES;
				CLANG_WARN_INFINITE_RECURSION = YES;
				CLANG_WARN_INT_CONVERSION = YES;
				CLANG_WARN_OBJC_ROOT_CLASS = YES_ERROR;
				CLANG_WARN_SUSPICIOUS_MOVE = YES;
				CLANG_WARN_UNREACHABLE_CODE = YES;
				CLANG_WARN__DUPLICATE_METHOD_MATCH = YES;
				"CODE_SIGN_IDENTITY[sdk=iphoneos*]" = "iPhone Developer";
				COPY_PHASE_STRIP = NO;
				DEBUG_INFORMATION_FORMAT = dwarf;
				ENABLE_STRICT_OBJC_MSGSEND = YES;
				ENABLE_TESTABILITY = YES;
				GCC_C_LANGUAGE_STANDARD = gnu99;
				GCC_DYNAMIC_NO_PIC = NO;
				GCC_NO_COMMON_BLOCKS = YES;
				GCC_OPTIMIZATION_LEVEL = 0;
				GCC_PREPROCESSOR_DEFINITIONS = (
					"DEBUG=1",
					"$(inherited)",
				);
				GCC_WARN_64_TO_32_BIT_CONVERSION = YES;
				GCC_WARN_ABOUT_RETURN_TYPE = YES_ERROR;
				GCC_WARN_UNDECLARED_SELECTOR = YES;
				GCC_WARN_UNINITIALIZED_AUTOS = YES_AGGRESSIVE;
				GCC_WARN_UNUSED_FUNCTION = YES;
				GCC_WARN_UNUSED_VARIABLE = YES;
				IPHONEOS_DEPLOYMENT_TARGET = 10.2;
				MTL_ENABLE_DEBUG_INFO = YES;
				ONLY_ACTIVE_ARCH = YES;
				SDKROOT = iphoneos;
			};
			name = Debug;
		};
		D633E2D61E27154800E06272 /* Release */ = {
			isa = XCBuildConfiguration;
			buildSettings = {
				ALWAYS_SEARCH_USER_PATHS = NO;
				CLANG_ANALYZER_NONNULL = YES;
				CLANG_CXX_LANGUAGE_STANDARD = "gnu++0x";
				CLANG_CXX_LIBRARY = "libc++";
				CLANG_ENABLE_MODULES = YES;
				CLANG_ENABLE_OBJC_ARC = YES;
				CLANG_WARN_BOOL_CONVERSION = YES;
				CLANG_WARN_CONSTANT_CONVERSION = YES;
				CLANG_WARN_DIRECT_OBJC_ISA_USAGE = YES_ERROR;
				CLANG_WARN_DOCUMENTATION_COMMENTS = YES;
				CLANG_WARN_EMPTY_BODY = YES;
				CLANG_WARN_ENUM_CONVERSION = YES;
				CLANG_WARN_INFINITE_RECURSION = YES;
				CLANG_WARN_INT_CONVERSION = YES;
				CLANG_WARN_OBJC_ROOT_CLASS = YES_ERROR;
				CLANG_WARN_SUSPICIOUS_MOVE = YES;
				CLANG_WARN_UNREACHABLE_CODE = YES;
				CLANG_WARN__DUPLICATE_METHOD_MATCH = YES;
				"CODE_SIGN_IDENTITY[sdk=iphoneos*]" = "iPhone Developer";
				COPY_PHASE_STRIP = NO;
				DEBUG_INFORMATION_FORMAT = "dwarf-with-dsym";
				ENABLE_NS_ASSERTIONS = NO;
				ENABLE_STRICT_OBJC_MSGSEND = YES;
				GCC_C_LANGUAGE_STANDARD = gnu99;
				GCC_NO_COMMON_BLOCKS = YES;
				GCC_WARN_64_TO_32_BIT_CONVERSION = YES;
				GCC_WARN_ABOUT_RETURN_TYPE = YES_ERROR;
				GCC_WARN_UNDECLARED_SELECTOR = YES;
				GCC_WARN_UNINITIALIZED_AUTOS = YES_AGGRESSIVE;
				GCC_WARN_UNUSED_FUNCTION = YES;
				GCC_WARN_UNUSED_VARIABLE = YES;
				IPHONEOS_DEPLOYMENT_TARGET = 10.2;
				MTL_ENABLE_DEBUG_INFO = NO;
				SDKROOT = iphoneos;
				VALIDATE_PRODUCT = YES;
			};
			name = Release;
		};
		D633E2D81E27154800E06272 /* Debug */ = {
			isa = XCBuildConfiguration;
			buildSettings = {
				ASSETCATALOG_COMPILER_APPICON_NAME = AppIcon;
				CLANG_ENABLE_MODULES = YES;
				DEFINES_MODULE = YES;
				DEVELOPMENT_TEAM = NP7D9SC777;
				INFOPLIST_FILE = SUV/Info.plist;
				IPHONEOS_DEPLOYMENT_TARGET = 8.0;
				LD_RUNPATH_SEARCH_PATHS = "$(inherited) @executable_path/Frameworks";
				PRODUCT_BUNDLE_IDENTIFIER = com.sql.SUV;
				PRODUCT_NAME = "$(TARGET_NAME)";
				SWIFT_OBJC_BRIDGING_HEADER = "SUV/SUV-Bridging-Header.h";
				SWIFT_OPTIMIZATION_LEVEL = "-Onone";
				SWIFT_VERSION = 3.0;
			};
			name = Debug;
		};
		D633E2D91E27154800E06272 /* Release */ = {
			isa = XCBuildConfiguration;
			buildSettings = {
				ASSETCATALOG_COMPILER_APPICON_NAME = AppIcon;
				CLANG_ENABLE_MODULES = YES;
				DEFINES_MODULE = YES;
				DEVELOPMENT_TEAM = NP7D9SC777;
				INFOPLIST_FILE = SUV/Info.plist;
				IPHONEOS_DEPLOYMENT_TARGET = 8.0;
				LD_RUNPATH_SEARCH_PATHS = "$(inherited) @executable_path/Frameworks";
				PRODUCT_BUNDLE_IDENTIFIER = com.sql.SUV;
				PRODUCT_NAME = "$(TARGET_NAME)";
				SWIFT_OBJC_BRIDGING_HEADER = "SUV/SUV-Bridging-Header.h";
				SWIFT_VERSION = 3.0;
			};
			name = Release;
		};
/* End XCBuildConfiguration section */

/* Begin XCConfigurationList section */
		D633E2BB1E27154800E06272 /* Build configuration list for PBXProject "SUV" */ = {
			isa = XCConfigurationList;
			buildConfigurations = (
				D633E2D51E27154800E06272 /* Debug */,
				D633E2D61E27154800E06272 /* Release */,
			);
			defaultConfigurationIsVisible = 0;
			defaultConfigurationName = Release;
		};
		D633E2D71E27154800E06272 /* Build configuration list for PBXNativeTarget "SUV" */ = {
			isa = XCConfigurationList;
			buildConfigurations = (
				D633E2D81E27154800E06272 /* Debug */,
				D633E2D91E27154800E06272 /* Release */,
			);
			defaultConfigurationIsVisible = 0;
		};
/* End XCConfigurationList section */
	};
	rootObject = D633E2B81E27154800E06272 /* Project object */;
}
